Microsoft Visual Studio Solution File, Format Version 12.00
# Visual Studio Version 17
VisualStudioVersion = 17.5.2.0
MinimumVisualStudioVersion = 10.0.40219.1
Project("{FAE04EC0-301F-11D3-BF4B-00C04F79EFBC}") = "Linked lists", "Linked lists.csproj", "{B6A16568-2704-2408-371C-39E0E1510A5A}"
EndProject
Global
	GlobalSection(SolutionConfigurationPlatforms) = preSolution
		Debug|Any CPU = Debug|Any CPU
		Release|Any CPU = Release|Any CPU
	EndGlobalSection
	GlobalSection(ProjectConfigurationPlatforms) = postSolution
		{B6A16568-2704-2408-371C-39E0E1510A5A}.Debug|Any CPU.ActiveCfg = Debug|Any CPU
		{B6A16568-2704-2408-371C-39E0E1510A5A}.Debug|Any CPU.Build.0 = Debug|Any CPU
		{B6A16568-2704-2408-371C-39E0E1510A5A}.Release|Any CPU.ActiveCfg = Release|Any CPU
		{B6A16568-2704-2408-371C-39E0E1510A5A}.Release|Any CPU.Build.0 = Release|Any CPU
	EndGlobalSection
	GlobalSection(SolutionProperties) = preSolution
		HideSolutionNode = FALSE
	EndGlobalSection
	GlobalSection(ExtensibilityGlobals) = postSolution
		SolutionGuid = {56088034-89ED-42C0-983E-1ABE4DA783EB}
	EndGlobalSection
EndGlobal
